
Microsoft Visual Studio Solution File, Format Version 12.00
# Visual Studio 14
VisualStudioVersion = 14.0.25420.1
MinimumVisualStudioVersion = 10.0.40219.1
Project("{FAE04EC0-301F-11D3-BF4B-00C04F79EFBC}") = "桌面图标显示与隐藏程序", "桌面图标显示与隐藏程序\桌面图标显示与隐藏程序.csproj", "{4078718D-7AF1-43D8-9359-6014124F3712}"
EndProject
Global
	GlobalSection(SolutionConfigurationPlatforms) = preSolution
		Debug|Any CPU = Debug|Any CPU
		Release|Any CPU = Release|Any CPU
	EndGlobalSection
	GlobalSection(ProjectConfigurationPlatforms) = postSolution
		{4078718D-7AF1-43D8-9359-6014124F3712}.Debug|Any CPU.ActiveCfg = Debug|Any CPU
		{4078718D-7AF1-43D8-9359-6014124F3712}.Debug|Any CPU.Build.0 = Debug|Any CPU
		{4078718D-7AF1-43D8-9359-6014124F3712}.Release|Any CPU.ActiveCfg = Release|Any CPU
		{4078718D-7AF1-43D8-9359-6014124F3712}.Release|Any CPU.Build.0 = Release|Any CPU
	EndGlobalSection
	GlobalSection(SolutionProperties) = preSolution
		HideSolutionNode = FALSE
	EndGlobalSection
EndGlobal
